
Microsoft Visual Studio Solution File, Format Version 12.00
# Visual Studio Version 17
VisualStudioVersion = 17.1.32228.430
MinimumVisualStudioVersion = 10.0.40219.1
Project("{9A19103F-16F7-4668-BE54-9A1E7A4F7556}") = "Extension.Trials", "Extension.Trials\Extension.Trials.csproj", "{4473FBC5-AFBC-4F90-BD86-9F4272606659}"
EndProject
Project("{9A19103F-16F7-4668-BE54-9A1E7A4F7556}") = "EF.Core.Extensions", "EF.Core.Extensions\EF.Core.Extensions.csproj", "{0968EC3D-EB81-4F2B-8899-0973CF3A074D}"
EndProject
Project("{2150E333-8FDC-42A3-9474-1A3956D46DE8}") = "JSON.Utils", "JSON.Utils", "{5F7A904B-D679-4488-8B1D-AA25DB2E4DD7}"
EndProject
Project("{9A19103F-16F7-4668-BE54-9A1E7A4F7556}") = "Library", "JSON.Utils\Library.csproj", "{26625304-6924-44D8-BF47-6F2141946042}"
EndProject
Project("{9A19103F-16F7-4668-BE54-9A1E7A4F7556}") = "Json.Console", "JSON.Trials\Json.Console.csproj", "{A0EB2D57-A217-49FD-A1A5-4A3C0E735BF9}"
EndProject
Project("{9A19103F-16F7-4668-BE54-9A1E7A4F7556}") = "Models", "Models\Models.csproj", "{59F0A9CA-A7F8-4BC5-A03F-4C28865063FE}"
EndProject
Project("{2150E333-8FDC-42A3-9474-1A3956D46DE8}") = "PasswordGenerator", "PasswordGenerator", "{A57747F0-5238-4CE1-8627-4B7B6110AD26}"
EndProject
Project("{FAE04EC0-301F-11D3-BF4B-00C04F79EFBC}") = "PasswordGenerator.Console", "PasswordTrial\PasswordGenerator.Console.csproj", "{7CB1C51D-A255-4AFF-85AE-AA3E568E1ACC}"
EndProject
Project("{FAE04EC0-301F-11D3-BF4B-00C04F79EFBC}") = "Library", "Library\Library.csproj", "{9034C771-CE6B-478D-9CAB-3F81BCC92B3E}"
EndProject
Global
	GlobalSection(SolutionConfigurationPlatforms) = preSolution
		Debug|Any CPU = Debug|Any CPU
		Release|Any CPU = Release|Any CPU
	EndGlobalSection
	GlobalSection(ProjectConfigurationPlatforms) = postSolution
		{4473FBC5-AFBC-4F90-BD86-9F4272606659}.Debug|Any CPU.ActiveCfg = Debug|Any CPU
		{4473FBC5-AFBC-4F90-BD86-9F4272606659}.Debug|Any CPU.Build.0 = Debug|Any CPU
		{4473FBC5-AFBC-4F90-BD86-9F4272606659}.Release|Any CPU.ActiveCfg = Release|Any CPU
		{4473FBC5-AFBC-4F90-BD86-9F4272606659}.Release|Any CPU.Build.0 = Release|Any CPU
		{0968EC3D-EB81-4F2B-8899-0973CF3A074D}.Debug|Any CPU.ActiveCfg = Debug|Any CPU
		{0968EC3D-EB81-4F2B-8899-0973CF3A074D}.Debug|Any CPU.Build.0 = Debug|Any CPU
		{0968EC3D-EB81-4F2B-8899-0973CF3A074D}.Release|Any CPU.ActiveCfg = Release|Any CPU
		{0968EC3D-EB81-4F2B-8899-0973CF3A074D}.Release|Any CPU.Build.0 = Release|Any CPU
		{26625304-6924-44D8-BF47-6F2141946042}.Debug|Any CPU.ActiveCfg = Debug|Any CPU
		{26625304-6924-44D8-BF47-6F2141946042}.Debug|Any CPU.Build.0 = Debug|Any CPU
		{26625304-6924-44D8-BF47-6F2141946042}.Release|Any CPU.ActiveCfg = Release|Any CPU
		{26625304-6924-44D8-BF47-6F2141946042}.Release|Any CPU.Build.0 = Release|Any CPU
		{A0EB2D57-A217-49FD-A1A5-4A3C0E735BF9}.Debug|Any CPU.ActiveCfg = Debug|Any CPU
		{A0EB2D57-A217-49FD-A1A5-4A3C0E735BF9}.Debug|Any CPU.Build.0 = Debug|Any CPU
		{A0EB2D57-A217-49FD-A1A5-4A3C0E735BF9}.Release|Any CPU.ActiveCfg = Release|Any CPU
		{A0EB2D57-A217-49FD-A1A5-4A3C0E735BF9}.Release|Any CPU.Build.0 = Release|Any CPU
		{59F0A9CA-A7F8-4BC5-A03F-4C28865063FE}.Debug|Any CPU.ActiveCfg = Debug|Any CPU
		{59F0A9CA-A7F8-4BC5-A03F-4C28865063FE}.Debug|Any CPU.Build.0 = Debug|Any CPU
		{59F0A9CA-A7F8-4BC5-A03F-4C28865063FE}.Release|Any CPU.ActiveCfg = Release|Any CPU
		{59F0A9CA-A7F8-4BC5-A03F-4C28865063FE}.Release|Any CPU.Build.0 = Release|Any CPU
		{7CB1C51D-A255-4AFF-85AE-AA3E568E1ACC}.Debug|Any CPU.ActiveCfg = Debug|Any CPU
		{7CB1C51D-A255-4AFF-85AE-AA3E568E1ACC}.Debug|Any CPU.Build.0 = Debug|Any CPU
		{7CB1C51D-A255-4AFF-85AE-AA3E568E1ACC}.Release|Any CPU.ActiveCfg = Release|Any CPU
		{7CB1C51D-A255-4AFF-85AE-AA3E568E1ACC}.Release|Any CPU.Build.0 = Release|Any CPU
		{9034C771-CE6B-478D-9CAB-3F81BCC92B3E}.Debug|Any CPU.ActiveCfg = Debug|Any CPU
		{9034C771-CE6B-478D-9CAB-3F81BCC92B3E}.Debug|Any CPU.Build.0 = Debug|Any CPU
		{9034C771-CE6B-478D-9CAB-3F81BCC92B3E}.Release|Any CPU.ActiveCfg = Release|Any CPU
		{9034C771-CE6B-478D-9CAB-3F81BCC92B3E}.Release|Any CPU.Build.0 = Release|Any CPU
	EndGlobalSection
	GlobalSection(SolutionProperties) = preSolution
		HideSolutionNode = FALSE
	EndGlobalSection
	GlobalSection(NestedProjects) = preSolution
		{26625304-6924-44D8-BF47-6F2141946042} = {5F7A904B-D679-4488-8B1D-AA25DB2E4DD7}
		{A0EB2D57-A217-49FD-A1A5-4A3C0E735BF9} = {5F7A904B-D679-4488-8B1D-AA25DB2E4DD7}
		{59F0A9CA-A7F8-4BC5-A03F-4C28865063FE} = {5F7A904B-D679-4488-8B1D-AA25DB2E4DD7}
		{7CB1C51D-A255-4AFF-85AE-AA3E568E1ACC} = {A57747F0-5238-4CE1-8627-4B7B6110AD26}
		{9034C771-CE6B-478D-9CAB-3F81BCC92B3E} = {A57747F0-5238-4CE1-8627-4B7B6110AD26}
	EndGlobalSection
	GlobalSection(ExtensibilityGlobals) = postSolution
		SolutionGuid = {8614B354-AF1E-4978-8C6F-CC54A28E656B}
	EndGlobalSection
EndGlobal
